
Microsoft Visual Studio Solution File, Format Version 12.00
# Visual Studio Version 17
VisualStudioVersion = 17.3.32901.215
MinimumVisualStudioVersion = 10.0.40219.1
Project("{FAE04EC0-301F-11D3-BF4B-00C04F79EFBC}") = "Model", "Model\Model.csproj", "{336D80B9-2790-47A7-932E-4FCD719728CB}"
EndProject
Project("{FAE04EC0-301F-11D3-BF4B-00C04F79EFBC}") = "WinFormsApp", "WinFormsApp\WinFormsApp.csproj", "{BF89B773-D316-4D17-923B-90A8CE6FB37A}"
EndProject
Global
	GlobalSection(SolutionConfigurationPlatforms) = preSolution
		Debug|Any CPU = Debug|Any CPU
		Release|Any CPU = Release|Any CPU
	EndGlobalSection
	GlobalSection(ProjectConfigurationPlatforms) = postSolution
		{336D80B9-2790-47A7-932E-4FCD719728CB}.Debug|Any CPU.ActiveCfg = Debug|Any CPU
		{336D80B9-2790-47A7-932E-4FCD719728CB}.Debug|Any CPU.Build.0 = Debug|Any CPU
		{336D80B9-2790-47A7-932E-4FCD719728CB}.Release|Any CPU.ActiveCfg = Release|Any CPU
		{336D80B9-2790-47A7-932E-4FCD719728CB}.Release|Any CPU.Build.0 = Release|Any CPU
		{BF89B773-D316-4D17-923B-90A8CE6FB37A}.Debug|Any CPU.ActiveCfg = Debug|Any CPU
		{BF89B773-D316-4D17-923B-90A8CE6FB37A}.Debug|Any CPU.Build.0 = Debug|Any CPU
		{BF89B773-D316-4D17-923B-90A8CE6FB37A}.Release|Any CPU.ActiveCfg = Release|Any CPU
		{BF89B773-D316-4D17-923B-90A8CE6FB37A}.Release|Any CPU.Build.0 = Release|Any CPU
	EndGlobalSection
	GlobalSection(SolutionProperties) = preSolution
		HideSolutionNode = FALSE
	EndGlobalSection
	GlobalSection(ExtensibilityGlobals) = postSolution
		SolutionGuid = {F367FDA2-082B-4F4A-A39C-F3B2CDEFD060}
	EndGlobalSection
EndGlobal
